
Microsoft Visual Studio Solution File, Format Version 12.00
# Visual Studio Version 16
VisualStudioVersion = 16.0.29215.179
MinimumVisualStudioVersion = 10.0.40219.1
Project("{FAE04EC0-301F-11D3-BF4B-00C04F79EFBC}") = "GemStones", "GemStones\GemStones.csproj", "{2B2E9C50-5F65-4DB8-8249-E70AC193CFB1}"
EndProject
Project("{FAE04EC0-301F-11D3-BF4B-00C04F79EFBC}") = "GemStones.Presentation", "GemStones.Presentation\GemStones.Presentation.csproj", "{A985663F-52BF-4F59-9D59-E3ED0A5B5154}"
EndProject
Project("{FAE04EC0-301F-11D3-BF4B-00C04F79EFBC}") = "GemStones.DAL", "GemStones.DAL\GemStones.DAL.csproj", "{0271825C-B206-423B-8517-27FFAC5094B9}"
EndProject
Project("{FAE04EC0-301F-11D3-BF4B-00C04F79EFBC}") = "GemStones.BL", "GemStones.BL\GemStones.BL.csproj", "{0B43E61F-A2C7-4C39-AAA8-ED9323B07A1F}"
EndProject
Global
	GlobalSection(SolutionConfigurationPlatforms) = preSolution
		Debug|Any CPU = Debug|Any CPU
		Release|Any CPU = Release|Any CPU
	EndGlobalSection
	GlobalSection(ProjectConfigurationPlatforms) = postSolution
		{2B2E9C50-5F65-4DB8-8249-E70AC193CFB1}.Debug|Any CPU.ActiveCfg = Release|Any CPU
		{2B2E9C50-5F65-4DB8-8249-E70AC193CFB1}.Debug|Any CPU.Build.0 = Release|Any CPU
		{2B2E9C50-5F65-4DB8-8249-E70AC193CFB1}.Release|Any CPU.ActiveCfg = Release|Any CPU
		{2B2E9C50-5F65-4DB8-8249-E70AC193CFB1}.Release|Any CPU.Build.0 = Release|Any CPU
		{A985663F-52BF-4F59-9D59-E3ED0A5B5154}.Debug|Any CPU.ActiveCfg = Debug|Any CPU
		{A985663F-52BF-4F59-9D59-E3ED0A5B5154}.Debug|Any CPU.Build.0 = Debug|Any CPU
		{A985663F-52BF-4F59-9D59-E3ED0A5B5154}.Release|Any CPU.ActiveCfg = Release|Any CPU
		{A985663F-52BF-4F59-9D59-E3ED0A5B5154}.Release|Any CPU.Build.0 = Release|Any CPU
		{0271825C-B206-423B-8517-27FFAC5094B9}.Debug|Any CPU.ActiveCfg = Debug|Any CPU
		{0271825C-B206-423B-8517-27FFAC5094B9}.Debug|Any CPU.Build.0 = Debug|Any CPU
		{0271825C-B206-423B-8517-27FFAC5094B9}.Release|Any CPU.ActiveCfg = Release|Any CPU
		{0271825C-B206-423B-8517-27FFAC5094B9}.Release|Any CPU.Build.0 = Release|Any CPU
		{0B43E61F-A2C7-4C39-AAA8-ED9323B07A1F}.Debug|Any CPU.ActiveCfg = Debug|Any CPU
		{0B43E61F-A2C7-4C39-AAA8-ED9323B07A1F}.Debug|Any CPU.Build.0 = Debug|Any CPU
		{0B43E61F-A2C7-4C39-AAA8-ED9323B07A1F}.Release|Any CPU.ActiveCfg = Release|Any CPU
		{0B43E61F-A2C7-4C39-AAA8-ED9323B07A1F}.Release|Any CPU.Build.0 = Release|Any CPU
	EndGlobalSection
	GlobalSection(SolutionProperties) = preSolution
		HideSolutionNode = FALSE
	EndGlobalSection
	GlobalSection(ExtensibilityGlobals) = postSolution
		SolutionGuid = {76938D1F-6D9E-4FAA-B1BA-78DEBA73A06D}
	EndGlobalSection
EndGlobal
